%{"meck": {:git, "git://github.com/basho/meck.git", "d4730c6d47e437b1dcd170551506e7b10596cd5a", [tag: "0.8.1p1"]},
  "pooler": {:git, "git://github.com/seth/pooler.git", "fee0aa40a0b99fadacae349bb6a6924dc2d3fa4a", [tag: "1.1.0"]},
  "protobuffs": {:git, "git://github.com/basho/erlang_protobuffs.git", "5257dfe4e000b58487af89b849c7336ffa9bae82", [tag: "0.8.1p4"]},
  "riak_pb": {:git, "git://github.com/basho/riak_pb.git", "fc18a9b37170431f659e08d66ed78e3f6bbc47ca", [tag: "2.0.0.16"]},
  "riakc": {:git, "git://github.com/basho/riak-erlang-client.git", "f763089b5a3b1ca497d03e23dfc37f0ba4e92d07", []}}
